
Microsoft Visual Studio Solution File, Format Version 12.00
# Visual Studio Version 16
VisualStudioVersion = 16.0.31613.86
MinimumVisualStudioVersion = 10.0.40219.1
Project("{FAE04EC0-301F-11D3-BF4B-00C04F79EFBC}") = "AgeaProject", "AgeaProject\AgeaProject.csproj", "{47A24EBE-DDBE-4E40-89E7-8EDB59684024}"
EndProject
Global
	GlobalSection(SolutionConfigurationPlatforms) = preSolution
		Debug|Any CPU = Debug|Any CPU
		Release|Any CPU = Release|Any CPU
	EndGlobalSection
	GlobalSection(ProjectConfigurationPlatforms) = postSolution
		{47A24EBE-DDBE-4E40-89E7-8EDB59684024}.Debug|Any CPU.ActiveCfg = Debug|Any CPU
		{47A24EBE-DDBE-4E40-89E7-8EDB59684024}.Debug|Any CPU.Build.0 = Debug|Any CPU
		{47A24EBE-DDBE-4E40-89E7-8EDB59684024}.Release|Any CPU.ActiveCfg = Release|Any CPU
		{47A24EBE-DDBE-4E40-89E7-8EDB59684024}.Release|Any CPU.Build.0 = Release|Any CPU
	EndGlobalSection
	GlobalSection(SolutionProperties) = preSolution
		HideSolutionNode = FALSE
	EndGlobalSection
	GlobalSection(ExtensibilityGlobals) = postSolution
		SolutionGuid = {20CC56A6-A857-402A-83C8-42BC62CEF188}
	EndGlobalSection
EndGlobal
